
{
  "name": "tutorial-cryptotrading",
  "version": "0.1.0",
  "lockfileVersion": 2,
  "requires": true,
  "packages": {
    "": {
      "name": "tutorial-cryptotrading",
      "version": "0.1.0",
      "license": "ISC",
      "dependencies": {
        "@babel/core": "7.1.0",
        "@material-ui/core": "^3.1.2",
        "@svgr/webpack": "2.4.1",
        "ajv": "^6.10.2",
        "babel-core": "7.0.0-bridge.0",
        "babel-eslint": "9.0.0",
        "babel-jest": "^24.8.0",
        "babel-loader": "8.0.4",
        "babel-plugin-named-asset-import": "^0.2.2",
        "babel-preset-react-app": "^5.0.2",
        "bfj": "6.1.1",
        "case-sensitive-paths-webpack-plugin": "2.1.2",
        "chalk": "2.4.1",
        "cluster": "^0.7.7",
        "collections": "^5.1.9",
        "css-loader": "1.0.0",
        "currency-symbol-map": "^4.0.4",
        "dotenv": "6.0.0",
        "dotenv-expand": "4.2.0",
        "eslint": "5.6.0",
        "eslint-config-react-app": "^3.0.3",
        "eslint-loader": "2.1.1",
        "eslint-plugin-flowtype": "2.50.1",
        "eslint-plugin-import": "2.14.0",
        "eslint-plugin-jsx-a11y": "6.1.1",
        "eslint-plugin-react": "7.11.1",
        "file-loader": "2.0.0",
        "fs-extra": "7.0.0",
        "gh-pages": "^3.2.3",
        "html-webpack-plugin": "4.0.0-alpha.2",
        "identity-obj-proxy": "3.0.0",
        "jest": "^24.8.0",
        "jest-pnp-resolver": "1.0.1",
        "jest-resolve": "23.6.0",
        "jsc8": "^0.16.3",
        "lodash": "^4.17.15",
        "log4js": "^4.5.1",
        "mini-css-extract-plugin": "0.4.3",
        "optimize-css-assets-webpack-plugin": "5.0.1",
        "plotly.js": "^1.44.3",
        "pnp-webpack-plugin": "1.1.0",
        "postcss-flexbugs-fixes": "4.1.0",
        "postcss-loader": "3.0.0",
        "postcss-preset-env": "6.0.6",
        "postcss-safe-parser": "4.0.1",
        "react": "^16.5.2",
        "react-app-polyfill": "^0.1.3",
        "react-dev-utils": "^6.0.3",
        "react-dom": "^16.5.2",
        "react-plotly.js": "^2.2.0",
        "react-scripts": "^3.0.1",
        "repl": "^0.1.3",
        "resolve": "1.8.1",
        "sass-loader": "7.1.0",
        "style-loader": "0.23.0",
        "terser-webpack-plugin": "1.1.0",
        "url-loader": "1.1.1",
        "webpack": "4.19.1",
        "webpack-dev-server": "^3.1.14",
        "webpack-manifest-plugin": "2.0.4",
        "workbox-webpack-plugin": "3.6.2"
      },
      "devDependencies": {
        "@types/collections": "^5.0.0"
      }
    },
    "node_modules/@babel/code-frame": {
      "version": "7.10.4",
      "resolved": "https://registry.npmjs.org/@babel/code-frame/-/code-frame-7.10.4.tgz",
      "integrity": "sha512-vG6SvB6oYEhvgisZNFRmRCUkLz11c7rp+tbNTynGqc6mS1d5ATd/sGyV6W0KZZnXRKMTzZDRgQT3Ou9jhpAfUg==",
      "dependencies": {
        "@babel/highlight": "^7.10.4"
      }
    },
    "node_modules/@babel/compat-data": {
      "version": "7.12.1",
      "resolved": "https://registry.npmjs.org/@babel/compat-data/-/compat-data-7.12.1.tgz",
      "integrity": "sha512-725AQupWJZ8ba0jbKceeFblZTY90McUBWMwHhkFQ9q1zKPJ95GUktljFcgcsIVwRnTnRKlcYzfiNImg5G9m6ZQ=="
    },
    "node_modules/@babel/core": {
      "version": "7.1.0",
      "resolved": "https://registry.npmjs.org/@babel/core/-/core-7.1.0.tgz",
      "integrity": "sha512-9EWmD0cQAbcXSc+31RIoYgEHx3KQ2CCSMDBhnXrShWvo45TMw+3/55KVxlhkG53kw9tl87DqINgHDgFVhZJV/Q==",
      "dependencies": {
        "@babel/code-frame": "^7.0.0",
        "@babel/generator": "^7.0.0",
        "@babel/helpers": "^7.1.0",
        "@babel/parser": "^7.1.0",
        "@babel/template": "^7.1.0",
        "@babel/traverse": "^7.1.0",
        "@babel/types": "^7.0.0",
        "convert-source-map": "^1.1.0",
        "debug": "^3.1.0",
        "json5": "^0.5.0",
        "lodash": "^4.17.10",
        "resolve": "^1.3.2",
        "semver": "^5.4.1",
        "source-map": "^0.5.0"
      },
      "engines": {
        "node": ">=6.9.0"
      }
    },
    "node_modules/@babel/generator": {
      "version": "7.12.1",
      "resolved": "https://registry.npmjs.org/@babel/generator/-/generator-7.12.1.tgz",
      "integrity": "sha512-DB+6rafIdc9o72Yc3/Ph5h+6hUjeOp66pF0naQBgUFFuPqzQwIlPTm3xZR7YNvduIMtkDIj2t21LSQwnbCrXvg==",
      "dependencies": {
        "@babel/types": "^7.12.1",
        "jsesc": "^2.5.1",
        "source-map": "^0.5.0"
      }