
{
  "name": "tutorial-cryptotrading",
  "version": "0.1.0",
  "lockfileVersion": 2,
  "requires": true,
  "packages": {
    "": {
      "name": "tutorial-cryptotrading",
      "version": "0.1.0",
      "license": "ISC",
      "dependencies": {
        "@babel/core": "7.1.0",
        "@material-ui/core": "^3.1.2",
        "@svgr/webpack": "2.4.1",
        "ajv": "^6.10.2",
        "babel-core": "7.0.0-bridge.0",
        "babel-eslint": "9.0.0",
        "babel-jest": "^24.8.0",
        "babel-loader": "8.0.4",
        "babel-plugin-named-asset-import": "^0.2.2",
        "babel-preset-react-app": "^5.0.2",
        "bfj": "6.1.1",
        "case-sensitive-paths-webpack-plugin": "2.1.2",
        "chalk": "2.4.1",
        "cluster": "^0.7.7",
        "collections": "^5.1.9",
        "css-loader": "1.0.0",
        "currency-symbol-map": "^4.0.4",
        "dotenv": "6.0.0",
        "dotenv-expand": "4.2.0",
        "eslint": "5.6.0",
        "eslint-config-react-app": "^3.0.3",
        "eslint-loader": "2.1.1",
        "eslint-plugin-flowtype": "2.50.1",
        "eslint-plugin-import": "2.14.0",
        "eslint-plugin-jsx-a11y": "6.1.1",
        "eslint-plugin-react": "7.11.1",
        "file-loader": "2.0.0",
        "fs-extra": "7.0.0",
        "gh-pages": "^3.2.3",
        "html-webpack-plugin": "4.0.0-alpha.2",
        "identity-obj-proxy": "3.0.0",
        "jest": "^24.8.0",
        "jest-pnp-resolver": "1.0.1",
        "jest-resolve": "23.6.0",
        "jsc8": "^0.16.3",
        "lodash": "^4.17.15",
        "log4js": "^4.5.1",
        "mini-css-extract-plugin": "0.4.3",
        "optimize-css-assets-webpack-plugin": "5.0.1",
        "plotly.js": "^1.44.3",
        "pnp-webpack-plugin": "1.1.0",
        "postcss-flexbugs-fixes": "4.1.0",
        "postcss-loader": "3.0.0",
        "postcss-preset-env": "6.0.6",
        "postcss-safe-parser": "4.0.1",
        "react": "^16.5.2",
        "react-app-polyfill": "^0.1.3",
        "react-dev-utils": "^6.0.3",
        "react-dom": "^16.5.2",
        "react-plotly.js": "^2.2.0",
        "react-scripts": "^3.0.1",
        "repl": "^0.1.3",
        "resolve": "1.8.1",
        "sass-loader": "7.1.0",
        "style-loader": "0.23.0",
        "terser-webpack-plugin": "1.1.0",
        "url-loader": "1.1.1",
        "webpack": "4.19.1",
        "webpack-dev-server": "^3.1.14",
        "webpack-manifest-plugin": "2.0.4",
        "workbox-webpack-plugin": "3.6.2"
      },
      "devDependencies": {
        "@types/collections": "^5.0.0"
      }
    },
    "node_modules/@babel/code-frame": {
      "version": "7.10.4",
      "resolved": "https://registry.npmjs.org/@babel/code-frame/-/code-frame-7.10.4.tgz",
      "integrity": "sha512-vG6SvB6oYEhvgisZNFRmRCUkLz11c7rp+tbNTynGqc6mS1d5ATd/sGyV6W0KZZnXRKMTzZDRgQT3Ou9jhpAfUg==",
      "dependencies": {
        "@babel/highlight": "^7.10.4"
      }
    },
    "node_modules/@babel/compat-data": {
      "version": "7.12.1",
      "resolved": "https://registry.npmjs.org/@babel/compat-data/-/compat-data-7.12.1.tgz",
      "integrity": "sha512-725AQupWJZ8ba0jbKceeFblZTY90McUBWMwHhkFQ9q1zKPJ95GUktljFcgcsIVwRnTnRKlcYzfiNImg5G9m6ZQ=="
    },
    "node_modules/@babel/core": {
      "version": "7.1.0",
      "resolved": "https://registry.npmjs.org/@babel/core/-/core-7.1.0.tgz",
      "integrity": "sha512-9EWmD0cQAbcXSc+31RIoYgEHx3KQ2CCSMDBhnXrShWvo45TMw+3/55KVxlhkG53kw9tl87DqINgHDgFVhZJV/Q==",
      "dependencies": {
        "@babel/code-frame": "^7.0.0",
        "@babel/generator": "^7.0.0",
        "@babel/helpers": "^7.1.0",
        "@babel/parser": "^7.1.0",
        "@babel/template": "^7.1.0",
        "@babel/traverse": "^7.1.0",
        "@babel/types": "^7.0.0",
        "convert-source-map": "^1.1.0",
        "debug": "^3.1.0",
        "json5": "^0.5.0",
        "lodash": "^4.17.10",
        "resolve": "^1.3.2",
        "semver": "^5.4.1",
        "source-map": "^0.5.0"
      },
      "engines": {
        "node": ">=6.9.0"
      }
    },
    "node_modules/@babel/generator": {
      "version": "7.12.1",
      "resolved": "https://registry.npmjs.org/@babel/generator/-/generator-7.12.1.tgz",
      "integrity": "sha512-DB+6rafIdc9o72Yc3/Ph5h+6hUjeOp66pF0naQBgUFFuPqzQwIlPTm3xZR7YNvduIMtkDIj2t21LSQwnbCrXvg==",
      "dependencies": {
        "@babel/types": "^7.12.1",
        "jsesc": "^2.5.1",
        "source-map": "^0.5.0"
      }
    },
    "node_modules/@babel/helper-annotate-as-pure": {
      "version": "7.10.4",
      "resolved": "https://registry.npmjs.org/@babel/helper-annotate-as-pure/-/helper-annotate-as-pure-7.10.4.tgz",
      "integrity": "sha512-XQlqKQP4vXFB7BN8fEEerrmYvHp3fK/rBkRFz9jaJbzK0B1DSfej9Kc7ZzE8Z/OnId1jpJdNAZ3BFQjWG68rcA==",
      "dependencies": {
        "@babel/types": "^7.10.4"
      }
    },
    "node_modules/@babel/helper-builder-binary-assignment-operator-visitor": {
      "version": "7.10.4",
      "resolved": "https://registry.npmjs.org/@babel/helper-builder-binary-assignment-operator-visitor/-/helper-builder-binary-assignment-operator-visitor-7.10.4.tgz",
      "integrity": "sha512-L0zGlFrGWZK4PbT8AszSfLTM5sDU1+Az/En9VrdT8/LmEiJt4zXt+Jve9DCAnQcbqDhCI+29y/L93mrDzddCcg==",
      "dependencies": {
        "@babel/helper-explode-assignable-expression": "^7.10.4",
        "@babel/types": "^7.10.4"
      }
    },
    "node_modules/@babel/helper-builder-react-jsx": {
      "version": "7.10.4",
      "resolved": "https://registry.npmjs.org/@babel/helper-builder-react-jsx/-/helper-builder-react-jsx-7.10.4.tgz",
      "integrity": "sha512-5nPcIZ7+KKDxT1427oBivl9V9YTal7qk0diccnh7RrcgrT/pGFOjgGw1dgryyx1GvHEpXVfoDF6Ak3rTiWh8Rg==",
      "dependencies": {
        "@babel/helper-annotate-as-pure": "^7.10.4",
        "@babel/types": "^7.10.4"
      }
    },
    "node_modules/@babel/helper-builder-react-jsx-experimental": {
      "version": "7.12.4",
      "resolved": "https://registry.npmjs.org/@babel/helper-builder-react-jsx-experimental/-/helper-builder-react-jsx-experimental-7.12.4.tgz",
      "integrity": "sha512-AjEa0jrQqNk7eDQOo0pTfUOwQBMF+xVqrausQwT9/rTKy0g04ggFNaJpaE09IQMn9yExluigWMJcj0WC7bq+Og==",
      "dependencies": {
        "@babel/helper-annotate-as-pure": "^7.10.4",
        "@babel/helper-module-imports": "^7.12.1",
        "@babel/types": "^7.12.1"
      }
    },
    "node_modules/@babel/helper-compilation-targets": {
      "version": "7.12.1",
      "resolved": "https://registry.npmjs.org/@babel/helper-compilation-targets/-/helper-compilation-targets-7.12.1.tgz",
      "integrity": "sha512-jtBEif7jsPwP27GPHs06v4WBV0KrE8a/P7n0N0sSvHn2hwUCYnolP/CLmz51IzAW4NlN+HuoBtb9QcwnRo9F/g==",
      "dependencies": {
        "@babel/compat-data": "^7.12.1",
        "@babel/helper-validator-option": "^7.12.1",
        "browserslist": "^4.12.0",
        "semver": "^5.5.0"
      },
      "peerDependencies": {
        "@babel/core": "^7.0.0"
      }
    },
    "node_modules/@babel/helper-create-class-features-plugin": {
      "version": "7.12.1",
      "resolved": "https://registry.npmjs.org/@babel/helper-create-class-features-plugin/-/helper-create-class-features-plugin-7.12.1.tgz",
      "integrity": "sha512-hkL++rWeta/OVOBTRJc9a5Azh5mt5WgZUGAKMD8JM141YsE08K//bp1unBBieO6rUKkIPyUE0USQ30jAy3Sk1w==",
      "dependencies": {
        "@babel/helper-function-name": "^7.10.4",
        "@babel/helper-member-expression-to-functions": "^7.12.1",
        "@babel/helper-optimise-call-expression": "^7.10.4",
        "@babel/helper-replace-supers": "^7.12.1",
        "@babel/helper-split-export-declaration": "^7.10.4"
      },
      "peerDependencies": {
        "@babel/core": "^7.0.0"
      }
    },
    "node_modules/@babel/helper-create-regexp-features-plugin": {
      "version": "7.12.1",
      "resolved": "https://registry.npmjs.org/@babel/helper-create-regexp-features-plugin/-/helper-create-regexp-features-plugin-7.12.1.tgz",
      "integrity": "sha512-rsZ4LGvFTZnzdNZR5HZdmJVuXK8834R5QkF3WvcnBhrlVtF0HSIUC6zbreL9MgjTywhKokn8RIYRiq99+DLAxA==",
      "dependencies": {
        "@babel/helper-annotate-as-pure": "^7.10.4",
        "@babel/helper-regex": "^7.10.4",
        "regexpu-core": "^4.7.1"
      },
      "peerDependencies": {
        "@babel/core": "^7.0.0"
      }
    },
    "node_modules/@babel/helper-define-map": {
      "version": "7.10.5",
      "resolved": "https://registry.npmjs.org/@babel/helper-define-map/-/helper-define-map-7.10.5.tgz",
      "integrity": "sha512-fMw4kgFB720aQFXSVaXr79pjjcW5puTCM16+rECJ/plGS+zByelE8l9nCpV1GibxTnFVmUuYG9U8wYfQHdzOEQ==",
      "dependencies": {
        "@babel/helper-function-name": "^7.10.4",
        "@babel/types": "^7.10.5",
        "lodash": "^4.17.19"
      }
    },
    "node_modules/@babel/helper-explode-assignable-expression": {
      "version": "7.12.1",
      "resolved": "https://registry.npmjs.org/@babel/helper-explode-assignable-expression/-/helper-explode-assignable-expression-7.12.1.tgz",
      "integrity": "sha512-dmUwH8XmlrUpVqgtZ737tK88v07l840z9j3OEhCLwKTkjlvKpfqXVIZ0wpK3aeOxspwGrf/5AP5qLx4rO3w5rA==",
      "dependencies": {
        "@babel/types": "^7.12.1"
      }
    },
    "node_modules/@babel/helper-function-name": {
      "version": "7.10.4",
      "resolved": "https://registry.npmjs.org/@babel/helper-function-name/-/helper-function-name-7.10.4.tgz",
      "integrity": "sha512-YdaSyz1n8gY44EmN7x44zBn9zQ1Ry2Y+3GTA+3vH6Mizke1Vw0aWDM66FOYEPw8//qKkmqOckrGgTYa+6sceqQ==",
      "dependencies": {
        "@babel/helper-get-function-arity": "^7.10.4",
        "@babel/template": "^7.10.4",
        "@babel/types": "^7.10.4"
      }
    },
    "node_modules/@babel/helper-get-function-arity": {
      "version": "7.10.4",
      "resolved": "https://registry.npmjs.org/@babel/helper-get-function-arity/-/helper-get-function-arity-7.10.4.tgz",
      "integrity": "sha512-EkN3YDB+SRDgiIUnNgcmiD361ti+AVbL3f3Henf6dqqUyr5dMsorno0lJWJuLhDhkI5sYEpgj6y9kB8AOU1I2A==",
      "dependencies": {
        "@babel/types": "^7.10.4"
      }
    },
    "node_modules/@babel/helper-hoist-variables": {
      "version": "7.10.4",
      "resolved": "https://registry.npmjs.org/@babel/helper-hoist-variables/-/helper-hoist-variables-7.10.4.tgz",
      "integrity": "sha512-wljroF5PgCk2juF69kanHVs6vrLwIPNp6DLD+Lrl3hoQ3PpPPikaDRNFA+0t81NOoMt2DL6WW/mdU8k4k6ZzuA==",
      "dependencies": {
        "@babel/types": "^7.10.4"
      }
    },
    "node_modules/@babel/helper-member-expression-to-functions": {
      "version": "7.12.1",
      "resolved": "https://registry.npmjs.org/@babel/helper-member-expression-to-functions/-/helper-member-expression-to-functions-7.12.1.tgz",
      "integrity": "sha512-k0CIe3tXUKTRSoEx1LQEPFU9vRQfqHtl+kf8eNnDqb4AUJEy5pz6aIiog+YWtVm2jpggjS1laH68bPsR+KWWPQ==",
      "dependencies": {
        "@babel/types": "^7.12.1"
      }
    },
    "node_modules/@babel/helper-module-imports": {
      "version": "7.12.1",
      "resolved": "https://registry.npmjs.org/@babel/helper-module-imports/-/helper-module-imports-7.12.1.tgz",
      "integrity": "sha512-ZeC1TlMSvikvJNy1v/wPIazCu3NdOwgYZLIkmIyAsGhqkNpiDoQQRmaCK8YP4Pq3GPTLPV9WXaPCJKvx06JxKA==",
      "dependencies": {
        "@babel/types": "^7.12.1"
      }
    },
    "node_modules/@babel/helper-module-transforms": {
      "version": "7.12.1",
      "resolved": "https://registry.npmjs.org/@babel/helper-module-transforms/-/helper-module-transforms-7.12.1.tgz",
      "integrity": "sha512-QQzehgFAZ2bbISiCpmVGfiGux8YVFXQ0abBic2Envhej22DVXV9nCFaS5hIQbkyo1AdGb+gNME2TSh3hYJVV/w==",
      "dependencies": {
        "@babel/helper-module-imports": "^7.12.1",
        "@babel/helper-replace-supers": "^7.12.1",
        "@babel/helper-simple-access": "^7.12.1",
        "@babel/helper-split-export-declaration": "^7.11.0",